{
  "name": "js",
  "lockfileVersion": 2,
  "requires": true,
  "packages": {
    "": {
      "dependencies": {
        "dinero.js": "^1.9.1"
      }
    },
    "node_modules/dinero.js": {
      "version": "1.9.1",
      "resolved": "https://registry.npmjs.org/dinero.js/-/dinero.js-1.9.1.tgz",
      "integrity": "sha512-1HXiF2vv3ZeRQ23yr+9lFxj/PbZqutuYWJnE0qfCB9xYBPnuaJ8lXtli1cJM0TvUXW1JTOaePldmqN5JVNxKSA==",
      "engines": {
        "node": "*"
      }
    }
  },
  "dependencies": {
    "dinero.js": {
      "version": "1.9.1",
      "resolved": "https://registry.npmjs.org/dinero.js/-/dinero.js-1.9.1.tgz",
      "integrity": "sha512-1HXiF2vv3ZeRQ23yr+9lFxj/PbZqutuYWJnE0qfCB9xYBPnuaJ8lXtli1cJM0TvUXW1JTOaePldmqN5JVNxKSA=="
    }
  }
}
